
Microsoft Visual Studio Solution File, Format Version 12.00
# Visual Studio Version 16
VisualStudioVersion = 16.0.30907.101
MinimumVisualStudioVersion = 10.0.40219.1
Project("{FAE04EC0-301F-11D3-BF4B-00C04F79EFBC}") = "ComicBookGallery", "ComicBookGallery.csproj", "{2198543C-54C5-494F-B337-1188B2E613B4}"
EndProject
Global
	GlobalSection(SolutionConfigurationPlatforms) = preSolution
		Debug|Any CPU = Debug|Any CPU
		Release|Any CPU = Release|Any CPU
	EndGlobalSection
	GlobalSection(ProjectConfigurationPlatforms) = postSolution
		{2198543C-54C5-494F-B337-1188B2E613B4}.Debug|Any CPU.ActiveCfg = Debug|Any CPU
		{2198543C-54C5-494F-B337-1188B2E613B4}.Debug|Any CPU.Build.0 = Debug|Any CPU
		{2198543C-54C5-494F-B337-1188B2E613B4}.Release|Any CPU.ActiveCfg = Release|Any CPU
		{2198543C-54C5-494F-B337-1188B2E613B4}.Release|Any CPU.Build.0 = Release|Any CPU
	EndGlobalSection
	GlobalSection(SolutionProperties) = preSolution
		HideSolutionNode = FALSE
	EndGlobalSection
	GlobalSection(ExtensibilityGlobals) = postSolution
		SolutionGuid = {A34A4D4B-C6F3-44E1-AC5F-6595FAF6DB07}
	EndGlobalSection
EndGlobal
